{
  "name": "iopa-bot",
  "version": "2.1.12",
  "lockfileVersion": 1,
  "requires": true,
  "dependencies": {
    "@types/node": {
      "version": "12.12.24",
      "resolved": "https://registry.npmjs.org/@types/node/-/node-12.12.24.tgz",
      "integrity": "sha512-1Ciqv9pqwVtW6FsIUKSZNB82E5Cu1I2bBTj1xuIHXLe/1zYLl3956Nbhg2MzSYHVfl9/rmanjbQIb7LibfCnug==",
      "dev": true
    },
    "alexa-utterances": {
      "version": "0.2.1",
      "resolved": "https://registry.npmjs.org/alexa-utterances/-/alexa-utterances-0.2.1.tgz",
      "integrity": "sha1-8rcLav062IZxHaj5lOfklUnmC/E=",
      "requires": {
        "js-combinatorics": "^0.5.0",
        "numbered": "^1.0.0"
      }
    },
    "iopa": {
      "version": "2.0.2",
      "resolved": "https://registry.npmjs.org/iopa/-/iopa-2.0.2.tgz",
      "integrity": "sha512-EXeSSCCuIxkddLEsDAkqB/hq1yrCSSY5RCd14ljbvltaU1KzUOS2+n5HDc77dBnHQ7mR0+RjuHI7usscgTHIqA=="
    },
    "js-combinatorics": {
      "version": "0.5.5",
      "resolved": "https://registry.npmjs.org/js-combinatorics/-/js-combinatorics-0.5.5.tgz",
      "integrity": "sha512-WglFY9EQvwndNhuJLxxyjnC16649lfZly/G3M3zgQMwcWlJDJ0Jn9niPWeYjnLXwWOEycYVxR2Tk98WLeFkrcw=="
    },
    "numbered": {
      "version": "1.1.0",
      "resolved": "https://registry.npmjs.org/numbered/-/numbered-1.1.0.tgz",
      "integrity": "sha512-pv/ue2Odr7IfYOO0byC1KgBI10wo5YDauLhxY6/saNzAdAs0r1SotGCPzzCLNPL0xtrAwWRialLu23AAu9xO1g=="
    },
    "reactive-cards": {
      "version": "0.5.31",
      "resolved": "https://registry.npmjs.org/reactive-cards/-/reactive-cards-0.5.31.tgz",
      "integrity": "sha512-eQV3gRCZ6nzXdSTThLNeBgTnIKagKOl6BdY+N5LshUlikoMlwzKpdDd6UvOz81F0xIvr3vyByYcX2JQYx4C8Vw=="
    },
    "reactive-dialogs": {
      "version": "0.5.31",
      "resolved": "https://registry.npmjs.org/reactive-dialogs/-/reactive-dialogs-0.5.31.tgz",
      "integrity": "sha512-z7kv3jN/YlYAd0u1eSd0LAPfC75f53HC682i3Y7LupWezV5fLBppk+54HO+DdeLLWh39XZd75JaaR+4iQfenxA==",
      "requires": {
        "reactive-cards": "0.5.31"
      }
    }
  }
}
