# THIS IS AN AUTOGENERATED FILE. DO NOT EDIT THIS FILE DIRECTLY.
# yarn lockfile v1


"@types/node@^12.7.11":
  "integrity" "sha512-1Ciqv9pqwVtW6FsIUKSZNB82E5Cu1I2bBTj1xuIHXLe/1zYLl3956Nbhg2MzSYHVfl9/rmanjbQIb7LibfCnug=="
  "resolved" "https://registry.npmjs.org/@types/node/-/node-12.12.24.tgz"
  "version" "12.12.24"

"alexa-utterances@^0.2.1":
  "integrity" "sha1-8rcLav062IZxHaj5lOfklUnmC/E="
  "resolved" "https://registry.npmjs.org/alexa-utterances/-/alexa-utterances-0.2.1.tgz"
  "version" "0.2.1"
  dependencies:
    "js-combinatorics" "^0.5.0"
    "numbered" "^1.0.0"

"iopa@2.0.2":
  "integrity" "sha512-EXeSSCCuIxkddLEsDAkqB/hq1yrCSSY5RCd14ljbvltaU1KzUOS2+n5HDc77dBnHQ7mR0+RjuHI7usscgTHIqA=="
  "resolved" "https://registry.npmjs.org/iopa/-/iopa-2.0.2.tgz"
  "version" "2.0.2"

"js-combinatorics@^0.5.0":
  "integrity" "sha512-WglFY9EQvwndNhuJLxxyjnC16649lfZly/G3M3zgQMwcWlJDJ0Jn9niPWeYjnLXwWOEycYVxR2Tk98WLeFkrcw=="
  "resolved" "https://registry.npmjs.org/js-combinatorics/-/js-combinatorics-0.5.5.tgz"
  "version" "0.5.5"

"numbered@^1.0.0":
  "integrity" "sha512-pv/ue2Odr7IfYOO0byC1KgBI10wo5YDauLhxY6/saNzAdAs0r1SotGCPzzCLNPL0xtrAwWRialLu23AAu9xO1g=="
  "resolved" "https://registry.npmjs.org/numbered/-/numbered-1.1.0.tgz"
  "version" "1.1.0"

"reactive-cards@^1.1.6", "reactive-cards@^1.2.0":
  "integrity" "sha512-l24enXFHzlVT3Uc9/jhsk4t5O1Azst1KMINbKk8JOv+qPM0kV/YrdMTMed+h69VHk3S2D+ryt0YupmefPExUXg=="
  "resolved" "https://registry.npmjs.org/reactive-cards/-/reactive-cards-1.2.0.tgz"
  "version" "1.2.0"

"reactive-dialogs@^1.2.0":
  "integrity" "sha512-RRxuapQSFw0Bjth6aKuzTrw+k777rVciKPRnpBiAJzW0UtEA9YPBRTW2z0gLsW5SOn8vNZFLTfHFI8YEiBAwrQ=="
  "resolved" "https://registry.npmjs.org/reactive-dialogs/-/reactive-dialogs-1.2.0.tgz"
  "version" "1.2.0"
  dependencies:
    "reactive-cards" "^1.1.6"
