# THIS IS AN AUTOGENERATED FILE. DO NOT EDIT THIS FILE DIRECTLY.
# yarn lockfile v1


alexa-utterances@^0.2.1:
  version "0.2.1"
  resolved "https://registry.yarnpkg.com/alexa-utterances/-/alexa-utterances-0.2.1.tgz#f2b70b6afd3ad886711da8f994e7e49549e60bf1"
  integrity sha1-8rcLav062IZxHaj5lOfklUnmC/E=
  dependencies:
    js-combinatorics "^0.5.0"
    numbered "^1.0.0"

iopa-bot-console@^2.0.0:
  version "1.4.2"
  resolved "https://registry.yarnpkg.com/iopa-bot-console/-/iopa-bot-console-1.4.2.tgz#d6947fccf3e9e801f863ebade5e83e48575003ef"
  integrity sha1-1pR/zPPp6AH4Y+ut5eg+SFdQA+8=
  dependencies:
    iopa "^1.4.0"

iopa@^1.4.0:
  version "1.4.19"
  resolved "https://registry.yarnpkg.com/iopa/-/iopa-1.4.19.tgz#52b4be5793c7bc733f121edc2a1e9c4e15ca4f2d"
  integrity sha1-UrS+V5PHvHM/Eh7cKh6cThXKTy0=

iopa@^2.0.0:
  version "2.0.0"
  resolved "https://registry.yarnpkg.com/iopa/-/iopa-2.0.0.tgz#32e9d94d838acbd4bec181f64a12021232aff775"
  integrity sha512-+Uk5VPbmcyCI17AnosK9+2pCtEhZ+3nhVZ3H7XDzUnvtNPWNbrh4RSKurNqsnHqQJtz//STZT5jWuXyKlnz1cw==

js-combinatorics@^0.5.0:
  version "0.5.4"
  resolved "https://registry.yarnpkg.com/js-combinatorics/-/js-combinatorics-0.5.4.tgz#c92916b8f8171b64ecd7c4435b72cfabc803c756"
  integrity sha512-PCqUIKGqv/Kjao1G4GE/Yni6QkCP2nWW3KnxL+8IGWPlP18vQpT8ufGMf4XUAAY8JHEryUCJbf51zG8329ntMg==

numbered@^1.0.0:
  version "1.1.0"
  resolved "https://registry.yarnpkg.com/numbered/-/numbered-1.1.0.tgz#9fcd79564c73a84b9574e8370c3d8e58fe3c133c"
  integrity sha512-pv/ue2Odr7IfYOO0byC1KgBI10wo5YDauLhxY6/saNzAdAs0r1SotGCPzzCLNPL0xtrAwWRialLu23AAu9xO1g==

reactive-cards@^0.5.3:
  version "0.5.3"
  resolved "https://registry.yarnpkg.com/reactive-cards/-/reactive-cards-0.5.3.tgz#b375fb06e525a3639786b3c3330bae09bf097e79"
  integrity sha512-FVhNYQUDc6Kh9PpFBzswbozxrVnwQ/sS8Wc6fp1bkpAePm2n0iXnDkcMM0XJPKfesjqDJQi7fqKSO3mKMioO0g==

reactive-dialogs@^0.5.5:
  version "0.5.5"
  resolved "https://registry.yarnpkg.com/reactive-dialogs/-/reactive-dialogs-0.5.5.tgz#b0fc164767c869b147e5ff39efe2f910a4602a20"
  integrity sha512-9RlQs4E/n4XrQs2CjhX95w0rdwCYl7Gfp7XXWHEBRT+JuxL4t3zrve/AZu63wU3iBD4fdQrZnuBKpaYzwWaygg==

url-polyfill@^1.1.5:
  version "1.1.6"
  resolved "https://registry.yarnpkg.com/url-polyfill/-/url-polyfill-1.1.6.tgz#ec186280992adbe59b63f0a33e2a312be1bc14b4"
  integrity sha512-HquaE7fhLz3U26KfjwWecxUMBxbeQtflhKVpituElJHVwzY4MqxUhH4t2/fKwbQebfvAk8ti+Sd7bjIdzqoRMA==
